Microsoft Visual Studio Solution File, Format Version 8.00
Project("{8BC9CEB8-8B4A-11D0-8D11-00A0C91BC942}") = "mpgta", "mpgta.vcproj", "{137D6FAC-8792-4059-9711-36847F1D98A7}"
	ProjectSection(ProjectDependencies) = postProject
	EndProjectSection
EndProject
Global
	GlobalSection(SolutionConfiguration) = preSolution
		Debug = Debug
		Release = Release
	EndGlobalSection
	GlobalSection(ProjectConfiguration) = postSolution
		{137D6FAC-8792-4059-9711-36847F1D98A7}.Debug.ActiveCfg = Debug|Win32
		{137D6FAC-8792-4059-9711-36847F1D98A7}.Debug.Build.0 = Debug|Win32
		{137D6FAC-8792-4059-9711-36847F1D98A7}.Release.ActiveCfg = Release|Win32
		{137D6FAC-8792-4059-9711-36847F1D98A7}.Release.Build.0 = Release|Win32
	EndGlobalSection
	GlobalSection(ExtensibilityGlobals) = postSolution
	EndGlobalSection
	GlobalSection(ExtensibilityAddIns) = postSolution
	EndGlobalSection
EndGlobal
